
Microsoft Visual Studio Solution File, Format Version 12.00
# Visual Studio Version 16
VisualStudioVersion = 16.0.30011.22
MinimumVisualStudioVersion = 10.0.40219.1
Project("{FAE04EC0-301F-11D3-BF4B-00C04F79EFBC}") = "PrimeNumberGenerator", "PrimeNumberGenerator\PrimeNumberGenerator.csproj", "{08ADC077-C8F1-4076-B4D1-4810A22381D2}"
EndProject
Project("{FAE04EC0-301F-11D3-BF4B-00C04F79EFBC}") = "PrimeNumberGeneratorTests", "PrimeNumberGeneratorTests\PrimeNumberGeneratorTests.csproj", "{B0A017E8-482B-4215-9FD3-1F88DA248A30}"
EndProject
Project("{FAE04EC0-301F-11D3-BF4B-00C04F79EFBC}") = "PrimeGenerator.Core", "PrimeGenerator.Core\PrimeGenerator.Core.csproj", "{97011BC7-9D45-4F63-AEC1-66197C42736A}"
EndProject
Global
	GlobalSection(SolutionConfigurationPlatforms) = preSolution
		Debug|Any CPU = Debug|Any CPU
		Release|Any CPU = Release|Any CPU
	EndGlobalSection
	GlobalSection(ProjectConfigurationPlatforms) = postSolution
		{08ADC077-C8F1-4076-B4D1-4810A22381D2}.Debug|Any CPU.ActiveCfg = Debug|Any CPU
		{08ADC077-C8F1-4076-B4D1-4810A22381D2}.Debug|Any CPU.Build.0 = Debug|Any CPU
		{08ADC077-C8F1-4076-B4D1-4810A22381D2}.Release|Any CPU.ActiveCfg = Release|Any CPU
		{08ADC077-C8F1-4076-B4D1-4810A22381D2}.Release|Any CPU.Build.0 = Release|Any CPU
		{B0A017E8-482B-4215-9FD3-1F88DA248A30}.Debug|Any CPU.ActiveCfg = Debug|Any CPU
		{B0A017E8-482B-4215-9FD3-1F88DA248A30}.Debug|Any CPU.Build.0 = Debug|Any CPU
		{B0A017E8-482B-4215-9FD3-1F88DA248A30}.Release|Any CPU.ActiveCfg = Release|Any CPU
		{B0A017E8-482B-4215-9FD3-1F88DA248A30}.Release|Any CPU.Build.0 = Release|Any CPU
		{97011BC7-9D45-4F63-AEC1-66197C42736A}.Debug|Any CPU.ActiveCfg = Debug|Any CPU
		{97011BC7-9D45-4F63-AEC1-66197C42736A}.Debug|Any CPU.Build.0 = Debug|Any CPU
		{97011BC7-9D45-4F63-AEC1-66197C42736A}.Release|Any CPU.ActiveCfg = Release|Any CPU
		{97011BC7-9D45-4F63-AEC1-66197C42736A}.Release|Any CPU.Build.0 = Release|Any CPU
	EndGlobalSection
	GlobalSection(SolutionProperties) = preSolution
		HideSolutionNode = FALSE
	EndGlobalSection
	GlobalSection(ExtensibilityGlobals) = postSolution
		SolutionGuid = {41EE0551-54D5-4098-8433-D96669D73ED8}
	EndGlobalSection
EndGlobal
